// !$*UTF8*$!
{
	archiveVersion = 1;
	classes = {
	};
	objectVersion = 56;
	objects = {

/* Begin PBXBuildFile section */
		7EF1B83C2C55091400BBF338 /* AppDelegate.swift in Sources */ = {isa = PBXBuildFile; fileRef = 7EF1B83B2C55091400BBF338 /* AppDelegate.swift */; };
		7EF1B83E2C55091400BBF338 /* SceneDelegate.swift in Sources */ = {isa = PBXBuildFile; fileRef = 7EF1B83D2C55091400BBF338 /* SceneDelegate.swift */; };
		7EF1B8402C55091400BBF338 /* ViewController.swift in Sources */ = {isa = PBXBuildFile; fileRef = 7EF1B83F2C55091400BBF338 /* ViewController.swift */; };
		7EF1B8432C55091400BBF338 /* Base in Resources */ = {isa = PBXBuildFile; fileRef = 7EF1B8422C55091400BBF338 /* Base */; };
		7EF1B8452C55091500BBF338 /* Assets.xcassets in Resources */ = {isa = PBXBuildFile; fileRef = 7EF1B8442C55091500BBF338 /* Assets.xcassets */; };
		7EF1B8482C55091500BBF338 /* Base in Resources */ = {isa = PBXBuildFile; fileRef = 7EF1B8472C55091500BBF338 /* Base */; };
		7EF1B8532C55091500BBF338 /* Anime_StoryboardTests.swift in Sources */ = {isa = PBXBuildFile; fileRef = 7EF1B8522C55091500BBF338 /* Anime_StoryboardTests.swift */; };
		7EF1B85D2C55091500BBF338 /* Anime_StoryboardUITests.swift in Sources */ = {isa = PBXBuildFile; fileRef = 7EF1B85C2C55091500BBF338 /* Anime_StoryboardUITests.swift */; };
		7EF1B85F2C55091500BBF338 /* Anime_StoryboardUITestsLaunchTests.swift in Sources */ = {isa = PBXBuildFile; fileRef = 7EF1B85E2C55091500BBF338 /* Anime_StoryboardUITestsLaunchTests.swift */; };
/* End PBXBuildFile section */

/* Begin PBXContainerItemProxy section */
		7EF1B84F2C55091500BBF338 /* PBXContainerItemProxy */ = {
			isa = PBXContainerItemProxy;
			containerPortal = 7EF1B8302C55091400BBF338 /* Project object */;
			proxyType = 1;
			remoteGlobalIDString = 7EF1B8372C55091400BBF338;
			remoteInfo = "Anime Storyboard";
		};
		7EF1B8592C55091500BBF338 /* PBXContainerItemProxy */ = {
			isa = PBXContainerItemProxy;
			containerPortal = 7EF1B8302C55091400BBF338 /* Project object */;
			proxyType = 1;
			remoteGlobalIDString = 7EF1B8372C55091400BBF338;
			remoteInfo = "Anime Storyboard";
		};
/* End PBXContainerItemProxy section */

/* Begin PBXFileReference section */
		7EF1B8382C55091400BBF338 /* Anime Storyboard.app */ = {isa = PBXFileReference; explicitFileType = wrapper.application; includeInIndex = 0; path = "Anime Storyboard.app"; sourceTree = BUILT_PRODUCTS_DIR; };
		7EF1B83B2C55091400BBF338 /* AppDelegate.swift */ = {isa = PBXFileReference; lastKnownFileType = sourcecode.swift; path = AppDelegate.swift; sourceTree = "<group>"; };
		7EF1B83D2C55091400BBF338 /* SceneDelegate.swift */ = {isa = PBXFileReference; lastKnownFileType = sourcecode.swift; path = SceneDelegate.swift; sourceTree = "<group>"; };
		7EF1B83F2C55091400BBF338 /* ViewController.swift */ = {isa = PBXFileReference; lastKnownFileType = sourcecode.swift; path = ViewController.swift; sourceTree = "<group>"; };
		7EF1B8422C55091400BBF338 /* Base */ = {isa = PBXFileReference; lastKnownFileType = file.storyboard; name = Base; path = Base.lproj/Main.storyboard; sourceTree = "<group>"; };
		7EF1B8442C55091500BBF338 /* Assets.xcassets */ = {isa = PBXFileReference; lastKnownFileType = folder.assetcatalog; path = Assets.xcassets; sourceTree = "<group>"; };
		7EF1B8472C55091500BBF338 /* Base */ = {isa = PBXFileReference; lastKnownFileType = file.storyboard; name = Base; path = Base.lproj/LaunchScreen.storyboard; sourceTree = "<group>"; };
		7EF1B8492C55091500BBF338 /* Info.plist */ = {isa = PBXFileReference; lastKnownFileType = text.plist.xml; path = Info.plist; sourceTree = "<group>"; };
		7EF1B84E2C55091500BBF338 /* Anime StoryboardTests.xctest */ = {isa = PBXFileReference; explicitFileType = wrapper.cfbundle; includeInIndex = 0; path = "Anime StoryboardTests.xctest"; sourceTree = BUILT_PRODUCTS_DIR; };
		7EF1B8522C55091500BBF338 /* Anime_StoryboardTests.swift */ = {isa = PBXFileReference; lastKnownFileType = sourcecode.swift; path = Anime_StoryboardTests.swift; sourceTree = "<group>"; };
		7EF1B8582C55091500BBF338 /* Anime StoryboardUITests.xctest */ = {isa = PBXFileReference; explicitFileType = wrapper.cfbundle; includeInIndex = 0; path = "Anime StoryboardUITests.xctest"; sourceTree = BUILT_PRODUCTS_DIR; };
		7EF1B85C2C55091500BBF338 /* Anime_StoryboardUITests.swift */ = {isa = PBXFileReference; lastKnownFileType = sourcecode.swift; path = Anime_StoryboardUITests.swift; sourceTree = "<group>"; };
		7EF1B85E2C55091500BBF338 /* Anime_StoryboardUITestsLaunchTests.swift */ = {isa = PBXFileReference; lastKnownFileType = sourcecode.swift; path = Anime_StoryboardUITestsLaunchTests.swift; sourceTree = "<group>"; };
/* End PBXFileReference section */

/* Begin PBXFrameworksBuildPhase section */
		7EF1B8352C55091400BBF338 /* Frameworks */ = {
			isa = PBXFrameworksBuildPhase;
			buildActionMask = 2147483647;
			files = (
			);
			runOnlyForDeploymentPostprocessing = 0;
		};
		7EF1B84B2C55091500BBF338 /* Frameworks */ = {
			isa = PBXFrameworksBuildPhase;
			buildActionMask = 2147483647;
			files = (
			);
			runOnlyForDeploymentPostprocessing = 0;
		};
		7EF1B8552C55091500BBF338 /* Frameworks */ = {
			isa = PBXFrameworksBuildPhase;
			buildActionMask = 2147483647;
			files = (
			);
			runOnlyForDeploymentPostprocessing = 0;
		};
/* End PBXFrameworksBuildPhase section */

/* Begin PBXGroup section */
		7EF1B82F2C55091400BBF338 = {
			isa = PBXGroup;
			children = (
				7EF1B83A2C55091400BBF338 /* Anime Storyboard */,
				7EF1B8512C55091500BBF338 /* Anime StoryboardTests */,
				7EF1B85B2C55091500BBF338 /* Anime StoryboardUITests */,
				7EF1B8392C55091400BBF338 /* Products */,
			);
			sourceTree = "<group>";
		};
		7EF1B8392C55091400BBF338 /* Products */ = {
			isa = PBXGroup;
			children = (
				7EF1B8382C55091400BBF338 /* Anime Storyboard.app */,
				7EF1B84E2C55091500BBF338 /* Anime StoryboardTests.xctest */,
				7EF1B8582C55091500BBF338 /* Anime StoryboardUITests.xctest */,
			);
			name = Products;
			sourceTree = "<group>";
		};
		7EF1B83A2C55091400BBF338 /* Anime Storyboard */ = {
			isa = PBXGroup;
			children = (
				7EF1B83B2C55091400BBF338 /* AppDelegate.swift */,
				7EF1B83D2C55091400BBF338 /* SceneDelegate.swift */,
				7EF1B83F2C55091400BBF338 /* ViewController.swift */,
				7EF1B8412C55091400BBF338 /* Main.storyboard */,
				7EF1B8442C55091500BBF338 /* Assets.xcassets */,
				7EF1B8462C55091500BBF338 /* LaunchScreen.storyboard */,
				7EF1B8492C55091500BBF338 /* Info.plist */,
			);
			path = "Anime Storyboard";
			sourceTree = "<group>";
		};
		7EF1B8512C55091500BBF338 /* Anime StoryboardTests */ = {
			isa = PBXGroup;
			children = (
				7EF1B8522C55091500BBF338 /* Anime_StoryboardTests.swift */,
			);
			path = "Anime StoryboardTests";
			sourceTree = "<group>";
		};
		7EF1B85B2C55091500BBF338 /* Anime StoryboardUITests */ = {
			isa = PBXGroup;
			children = (
				7EF1B85C2C55091500BBF338 /* Anime_StoryboardUITests.swift */,
				7EF1B85E2C55091500BBF338 /* Anime_StoryboardUITestsLaunchTests.swift */,
			);
			path = "Anime StoryboardUITests";
			sourceTree = "<group>";
		};
/* End PBXGroup section */

/* Begin PBXNativeTarget section */
		7EF1B8372C55091400BBF338 /* Anime Storyboard */ = {
			isa = PBXNativeTarget;
			buildConfigurationList = 7EF1B8622C55091500BBF338 /* Build configuration list for PBXNativeTarget "Anime Storyboard" */;
			buildPhases = (
				7EF1B8342C55091400BBF338 /* Sources */,
				7EF1B8352C55091400BBF338 /* Frameworks */,
				7EF1B8362C55091400BBF338 /* Resources */,
			);
			buildRules = (
			);
			dependencies = (
			);
			name = "Anime Storyboard";
			productName = "Anime Storyboard";
			productReference = 7EF1B8382C55091400BBF338 /* Anime Storyboard.app */;
			productType = "com.apple.product-type.application";
		};
		7EF1B84D2C55091500BBF338 /* Anime StoryboardTests */ = {
			isa = PBXNativeTarget;
			buildConfigurationList = 7EF1B8652C55091500BBF338 /* Build configuration list for PBXNativeTarget "Anime StoryboardTests" */;
			buildPhases = (
				7EF1B84A2C55091500BBF338 /* Sources */,
				7EF1B84B2C55091500BBF338 /* Frameworks */,
				7EF1B84C2C55091500BBF338 /* Resources */,
			);
			buildRules = (
			);
			dependencies = (
				7EF1B8502C55091500BBF338 /* PBXTargetDependency */,
			);
			name = "Anime StoryboardTests";
			productName = "Anime StoryboardTests";
			productReference = 7EF1B84E2C55091500BBF338 /* Anime StoryboardTests.xctest */;
			productType = "com.apple.product-type.bundle.unit-test";
		};
		7EF1B8572C55091500BBF338 /* Anime StoryboardUITests */ = {
			isa = PBXNativeTarget;
			buildConfigurationList = 7EF1B8682C55091500BBF338 /* Build configuration list for PBXNativeTarget "Anime StoryboardUITests" */;
			buildPhases = (
				7EF1B8542C55091500BBF338 /* Sources */,
				7EF1B8552C55091500BBF338 /* Frameworks */,
				7EF1B8562C55091500BBF338 /* Resources */,
			);
			buildRules = (
			);
			dependencies = (
				7EF1B85A2C55091500BBF338 /* PBXTargetDependency */,
			);
			name = "Anime StoryboardUITests";
			productName = "Anime StoryboardUITests";
			productReference = 7EF1B8582C55091500BBF338 /* Anime StoryboardUITests.xctest */;
			productType = "com.apple.product-type.bundle.ui-testing";
		};
/* End PBXNativeTarget section */

/* Begin PBXProject section */
		7EF1B8302C55091400BBF338 /* Project object */ = {
			isa = PBXProject;
			attributes = {
				BuildIndependentTargetsInParallel = 1;
				LastSwiftUpdateCheck = 1540;
				LastUpgradeCheck = 1540;
				TargetAttributes = {
					7EF1B8372C55091400BBF338 = {
						CreatedOnToolsVersion = 15.4;
					};
					7EF1B84D2C55091500BBF338 = {
						CreatedOnToolsVersion = 15.4;
						TestTargetID = 7EF1B8372C55091400BBF338;
					};
					7EF1B8572C55091500BBF338 = {
						CreatedOnToolsVersion = 15.4;
						TestTargetID = 7EF1B8372C55091400BBF338;
					};
				};
			};
			buildConfigurationList = 7EF1B8332C55091400BBF338 /* Build configuration list for PBXProject "Anime Storyboard" */;
			compatibilityVersion = "Xcode 14.0";
			developmentRegion = en;
			hasScannedForEncodings = 0;
			knownRegions = (
				en,
				Base,
			);
			mainGroup = 7EF1B82F2C55091400BBF338;
			productRefGroup = 7EF1B8392C55091400BBF338 /* Products */;
			projectDirPath = "";
			projectRoot = "";
			targets = (
				7EF1B8372C55091400BBF338 /* Anime Storyboard */,
				7EF1B84D2C55091500BBF338 /* Anime StoryboardTests */,
				7EF1B8572C55091500BBF338 /* Anime StoryboardUITests */,
			);
		};
/* End PBXProject section */

/* Begin PBXResourcesBuildPhase section */
		7EF1B8362C55091400BBF338 /* Resources */ = {
			isa = PBXResourcesBuildPhase;
			buildActionMask = 2147483647;
			files = (
				7EF1B8452C55091500BBF338 /* Assets.xcassets in Resources */,
				7EF1B8482C55091500BBF338 /* Base in Resources */,
				7EF1B8432C55091400BBF338 /* Base in Resources */,
			);
			runOnlyForDeploymentPostprocessing = 0;
		};
		7EF1B84C2C55091500BBF338 /* Resources */ = {
			isa = PBXResourcesBuildPhase;
			buildActionMask = 2147483647;
			files = (
			);
			runOnlyForDeploymentPostprocessing = 0;
		};
		7EF1B8562C55091500BBF338 /* Resources */ = {
			isa = PBXResourcesBuildPhase;
			buildActionMask = 2147483647;
			files = (
			);
			runOnlyForDeploymentPostprocessing = 0;
		};
/* End PBXResourcesBuildPhase section */

/* Begin PBXSourcesBuildPhase section */
		7EF1B8342C55091400BBF338 /* Sources */ = {
			isa = PBXSourcesBuildPhase;
			buildActionMask = 2147483647;
			files = (
				7EF1B8402C55091400BBF338 /* ViewController.swift in Sources */,
				7EF1B83C2C55091400BBF338 /* AppDelegate.swift in Sources */,
				7EF1B83E2C55091400BBF338 /* SceneDelegate.swift in Sources */,
			);
			runOnlyForDeploymentPostprocessing = 0;
		};
		7EF1B84A2C55091500BBF338 /* Sources */ = {
			isa = PBXSourcesBuildPhase;
			buildActionMask = 2147483647;
			files = (
				7EF1B8532C55091500BBF338 /* Anime_StoryboardTests.swift in Sources */,
			);
			runOnlyForDeploymentPostprocessing = 0;
		};
		7EF1B8542C55091500BBF338 /* Sources */ = {
			isa = PBXSourcesBuildPhase;
			buildActionMask = 2147483647;
			files = (
				7EF1B85F2C55091500BBF338 /* Anime_StoryboardUITestsLaunchTests.swift in Sources */,
				7EF1B85D2C55091500BBF338 /* Anime_StoryboardUITests.swift in Sources */,
			);
			runOnlyForDeploymentPostprocessing = 0;
		};
/* End PBXSourcesBuildPhase section */

/* Begin PBXTargetDependency section */
		7EF1B8502C55091500BBF338 /* PBXTargetDependency */ = {
			isa = PBXTargetDependency;
			target = 7EF1B8372C55091400BBF338 /* Anime Storyboard */;
			targetProxy = 7EF1B84F2C55091500BBF338 /* PBXContainerItemProxy */;
		};
		7EF1B85A2C55091500BBF338 /* PBXTargetDependency */ = {
			isa = PBXTargetDependency;
			target = 7EF1B8372C55091400BBF338 /* Anime Storyboard */;
			targetProxy = 7EF1B8592C55091500BBF338 /* PBXContainerItemProxy */;
		};
/* End PBXTargetDependency section */

/* Begin PBXVariantGroup section */
		7EF1B8412C55091400BBF338 /* Main.storyboard */ = {
			isa = PBXVariantGroup;
			children = (
				7EF1B8422C55091400BBF338 /* Base */,
			);
			name = Main.storyboard;
			sourceTree = "<group>";
		};
		7EF1B8462C55091500BBF338 /* LaunchScreen.storyboard */ = {
			isa = PBXVariantGroup;
			children = (
				7EF1B8472C55091500BBF338 /* Base */,
			);
			name = LaunchScreen.storyboard;
			sourceTree = "<group>";
		};
/* End PBXVariantGroup section */

/* Begin XCBuildConfiguration section */
		7EF1B8602C55091500BBF338 /* Debug */ = {
			isa = XCBuildConfiguration;
			buildSettings = {
				ALWAYS_SEARCH_USER_PATHS = NO;
				ASSETCATALOG_COMPILER_GENERATE_SWIFT_ASSET_SYMBOL_EXTENSIONS = YES;
				CLANG_ANALYZER_NONNULL = YES;
				CLANG_ANALYZER_NUMBER_OBJECT_CONVERSION = YES_AGGRESSIVE;
				CLANG_CXX_LANGUAGE_STANDARD = "gnu++20";
				CLANG_ENABLE_MODULES = YES;
				CLANG_ENABLE_OBJC_ARC = YES;
				CLANG_ENABLE_OBJC_WEAK = YES;
				CLANG_WARN_BLOCK_CAPTURE_AUTORELEASING = YES;
				CLANG_WARN_BOOL_CONVERSION = YES;
				CLANG_WARN_COMMA = YES;
				CLANG_WARN_CONSTANT_CONVERSION = YES;
				CLANG_WARN_DEPRECATED_OBJC_IMPLEMENTATIONS = YES;
				CLANG_WARN_DIRECT_OBJC_ISA_USAGE = YES_ERROR;
				CLANG_WARN_DOCUMENTATION_COMMENTS = YES;
				CLANG_WARN_EMPTY_BODY = YES;
				CLANG_WARN_ENUM_CONVERSION = YES;
				CLANG_WARN_INFINITE_RECURSION = YES;
				CLANG_WARN_INT_CONVERSION = YES;
				CLANG_WARN_NON_LITERAL_NULL_CONVERSION = YES;
				CLANG_WARN_OBJC_IMPLICIT_RETAIN_SELF = YES;
				CLANG_WARN_OBJC_LITERAL_CONVERSION = YES;
				CLANG_WARN_OBJC_ROOT_CLASS = YES_ERROR;
				CLANG_WARN_QUOTED_INCLUDE_IN_FRAMEWORK_HEADER = YES;
				CLANG_WARN_RANGE_LOOP_ANALYSIS = YES;
				CLANG_WARN_STRICT_PROTOTYPES = YES;
				CLANG_WARN_SUSPICIOUS_MOVE = YES;
				CLANG_WARN_UNGUARDED_AVAILABILITY = YES_AGGRESSIVE;
				CLANG_WARN_UNREACHABLE_CODE = YES;
				CLANG_WARN__DUPLICATE_METHOD_MATCH = YES;
				COPY_PHASE_STRIP = NO;
				DEBUG_INFORMATION_FORMAT = dwarf;
				ENABLE_STRICT_OBJC_MSGSEND = YES;
				ENABLE_TESTABILITY = YES;
				ENABLE_USER_SCRIPT_SANDBOXING = YES;
				GCC_C_LANGUAGE_STANDARD = gnu17;
				GCC_DYNAMIC_NO_PIC = NO;
				GCC_NO_COMMON_BLOCKS = YES;
				GCC_OPTIMIZATION_LEVEL = 0;
				GCC_PREPROCESSOR_DEFINITIONS = (
					"DEBUG=1",
					"$(inherited)",
				);
				GCC_WARN_64_TO_32_BIT_CONVERSION = YES;
				GCC_WARN_ABOUT_RETURN_TYPE = YES_ERROR;
				GCC_WARN_UNDECLARED_SELECTOR = YES;
				GCC_WARN_UNINITIALIZED_AUTOS = YES_AGGRESSIVE;
				GCC_WARN_UNUSED_FUNCTION = YES;
				GCC_WARN_UNUSED_VARIABLE = YES;
				IPHONEOS_DEPLOYMENT_TARGET = 17.5;
				LOCALIZATION_PREFERS_STRING_CATALOGS = YES;
				MTL_ENABLE_DEBUG_INFO = INCLUDE_SOURCE;
				MTL_FAST_MATH = YES;
				ONLY_ACTIVE_ARCH = YES;
				SDKROOT = iphoneos;
				SWIFT_ACTIVE_COMPILATION_CONDITIONS = "DEBUG $(inherited)";
				SWIFT_OPTIMIZATION_LEVEL = "-Onone";
			};
			name = Debug;
		};
		7EF1B8612C55091500BBF338 /* Release */ = {
			isa = XCBuildConfiguration;
			buildSettings = {
				ALWAYS_SEARCH_USER_PATHS = NO;
				ASSETCATALOG_COMPILER_GENERATE_SWIFT_ASSET_SYMBOL_EXTENSIONS = YES;
				CLANG_ANALYZER_NONNULL = YES;
				CLANG_ANALYZER_NUMBER_OBJECT_CONVERSION = YES_AGGRESSIVE;
				CLANG_CXX_LANGUAGE_STANDARD = "gnu++20";
				CLANG_ENABLE_MODULES = YES;
				CLANG_ENABLE_OBJC_ARC = YES;
				CLANG_ENABLE_OBJC_WEAK = YES;
				CLANG_WARN_BLOCK_CAPTURE_AUTORELEASING = YES;
				CLANG_WARN_BOOL_CONVERSION = YES;
				CLANG_WARN_COMMA = YES;
				CLANG_WARN_CONSTANT_CONVERSION = YES;
				CLANG_WARN_DEPRECATED_OBJC_IMPLEMENTATIONS = YES;
				CLANG_WARN_DIRECT_OBJC_ISA_USAGE = YES_ERROR;
				CLANG_WARN_DOCUMENTATION_COMMENTS = YES;
				CLANG_WARN_EMPTY_BODY = YES;
				CLANG_WARN_ENUM_CONVERSION = YES;
				CLANG_WARN_INFINITE_RECURSION = YES;
				CLANG_WARN_INT_CONVERSION = YES;
				CLANG_WARN_NON_LITERAL_NULL_CONVERSION = YES;
				CLANG_WARN_OBJC_IMPLICIT_RETAIN_SELF = YES;
				CLANG_WARN_OBJC_LITERAL_CONVERSION = YES;
				CLANG_WARN_OBJC_ROOT_CLASS = YES_ERROR;
				CLANG_WARN_QUOTED_INCLUDE_IN_FRAMEWORK_HEADER = YES;
				CLANG_WARN_RANGE_LOOP_ANALYSIS = YES;
				CLANG_WARN_STRICT_PROTOTYPES = YES;
				CLANG_WARN_SUSPICIOUS_MOVE = YES;
				CLANG_WARN_UNGUARDED_AVAILABILITY = YES_AGGRESSIVE;
				CLANG_WARN_UNREACHABLE_CODE = YES;
				CLANG_WARN__DUPLICATE_METHOD_MATCH = YES;
				COPY_PHASE_STRIP = NO;
				DEBUG_INFORMATION_FORMAT = "dwarf-with-dsym";
				ENABLE_NS_ASSERTIONS = NO;
				ENABLE_STRICT_OBJC_MSGSEND = YES;
				ENABLE_USER_SCRIPT_SANDBOXING = YES;
				GCC_C_LANGUAGE_STANDARD = gnu17;
				GCC_NO_COMMON_BLOCKS = YES;
				GCC_WARN_64_TO_32_BIT_CONVERSION = YES;
				GCC_WARN_ABOUT_RETURN_TYPE = YES_ERROR;
				GCC_WARN_UNDECLARED_SELECTOR = YES;
				GCC_WARN_UNINITIALIZED_AUTOS = YES_AGGRESSIVE;
				GCC_WARN_UNUSED_FUNCTION = YES;
				GCC_WARN_UNUSED_VARIABLE = YES;
				IPHONEOS_DEPLOYMENT_TARGET = 17.5;
				LOCALIZATION_PREFERS_STRING_CATALOGS = YES;
				MTL_ENABLE_DEBUG_INFO = NO;
				MTL_FAST_MATH = YES;
				SDKROOT = iphoneos;
				SWIFT_COMPILATION_MODE = wholemodule;
				VALIDATE_PRODUCT = YES;
			};
			name = Release;
		};
		7EF1B8632C55091500BBF338 /* Debug */ = {
			isa = XCBuildConfiguration;
			buildSettings = {
				ASSETCATALOG_COMPILER_APPICON_NAME = AppIcon;
				ASSETCATALOG_COMPILER_GLOBAL_ACCENT_COLOR_NAME = AccentColor;
				CODE_SIGN_STYLE = Automatic;
				CURRENT_PROJECT_VERSION = 1;
				DEVELOPMENT_TEAM = 9ZJXYAGQJQ;
				GENERATE_INFOPLIST_FILE = YES;
				INFOPLIST_FILE = "Anime Storyboard/Info.plist";
				INFOPLIST_KEY_UIApplicationSupportsIndirectInputEvents = YES;
				INFOPLIST_KEY_UILaunchStoryboardName = LaunchScreen;
				INFOPLIST_KEY_UIMainStoryboardFile = Main;
				INFOPLIST_KEY_UISupportedInterfaceOrientations_iPad = "UIInterfaceOrientationPortrait UIInterfaceOrientationPortraitUpsideDown UIInterfaceOrientationLandscapeLeft UIInterfaceOrientationLandscapeRight";
				INFOPLIST_KEY_UISupportedInterfaceOrientations_iPhone = "UIInterfaceOrientationPortrait UIInterfaceOrientationLandscapeLeft UIInterfaceOrientationLandscapeRight";
				LD_RUNPATH_SEARCH_PATHS = (
					"$(inherited)",
					"@executable_path/Frameworks",
				);
				MARKETING_VERSION = 1.0;
				PRODUCT_BUNDLE_IDENTIFIER = "com.linda.Anime-Storyboard";
				PRODUCT_NAME = "$(TARGET_NAME)";
				SWIFT_EMIT_LOC_STRINGS = YES;
				SWIFT_VERSION = 5.0;
				TARGETED_DEVICE_FAMILY = "1,2";
			};
			name = Debug;
		};
		7EF1B8642C55091500BBF338 /* Release */ = {
			isa = XCBuildConfiguration;
			buildSettings = {
				ASSETCATALOG_COMPILER_APPICON_NAME = AppIcon;
				ASSETCATALOG_COMPILER_GLOBAL_ACCENT_COLOR_NAME = AccentColor;
				CODE_SIGN_STYLE = Automatic;
				CURRENT_PROJECT_VERSION = 1;
				DEVELOPMENT_TEAM = 9ZJXYAGQJQ;
				GENERATE_INFOPLIST_FILE = YES;
				INFOPLIST_FILE = "Anime Storyboard/Info.plist";
				INFOPLIST_KEY_UIApplicationSupportsIndirectInputEvents = YES;
				INFOPLIST_KEY_UILaunchStoryboardName = LaunchScreen;
				INFOPLIST_KEY_UIMainStoryboardFile = Main;
				INFOPLIST_KEY_UISupportedInterfaceOrientations_iPad = "UIInterfaceOrientationPortrait UIInterfaceOrientationPortraitUpsideDown UIInterfaceOrientationLandscapeLeft UIInterfaceOrientationLandscapeRight";
				INFOPLIST_KEY_UISupportedInterfaceOrientations_iPhone = "UIInterfaceOrientationPortrait UIInterfaceOrientationLandscapeLeft UIInterfaceOrientationLandscapeRight";
				LD_RUNPATH_SEARCH_PATHS = (
					"$(inherited)",
					"@executable_path/Frameworks",
				);
				MARKETING_VERSION = 1.0;
				PRODUCT_BUNDLE_IDENTIFIER = "com.linda.Anime-Storyboard";
				PRODUCT_NAME = "$(TARGET_NAME)";
				SWIFT_EMIT_LOC_STRINGS = YES;
				SWIFT_VERSION = 5.0;
				TARGETED_DEVICE_FAMILY = "1,2";
			};
			name = Release;
		};
		7EF1B8662C55091500BBF338 /* Debug */ = {
			isa = XCBuildConfiguration;
			buildSettings = {
				ALWAYS_EMBED_SWIFT_STANDARD_LIBRARIES = YES;
				BUNDLE_LOADER = "$(TEST_HOST)";
				CODE_SIGN_STYLE = Automatic;
				CURRENT_PROJECT_VERSION = 1;
				DEVELOPMENT_TEAM = 9ZJXYAGQJQ;
				GENERATE_INFOPLIST_FILE = YES;
				IPHONEOS_DEPLOYMENT_TARGET = 17.5;
				MARKETING_VERSION = 1.0;
				PRODUCT_BUNDLE_IDENTIFIER = "com.linda.Anime-StoryboardTests";
				PRODUCT_NAME = "$(TARGET_NAME)";
				SWIFT_EMIT_LOC_STRINGS = NO;
				SWIFT_VERSION = 5.0;
				TARGETED_DEVICE_FAMILY = "1,2";
				TEST_HOST = "$(BUILT_PRODUCTS_DIR)/Anime Storyboard.app/$(BUNDLE_EXECUTABLE_FOLDER_PATH)/Anime Storyboard";
			};
			name = Debug;
		};
		7EF1B8672C55091500BBF338 /* Release */ = {
			isa = XCBuildConfiguration;
			buildSettings = {
				ALWAYS_EMBED_SWIFT_STANDARD_LIBRARIES = YES;
				BUNDLE_LOADER = "$(TEST_HOST)";
				CODE_SIGN_STYLE = Automatic;
				CURRENT_PROJECT_VERSION = 1;
				DEVELOPMENT_TEAM = 9ZJXYAGQJQ;
				GENERATE_INFOPLIST_FILE = YES;
				IPHONEOS_DEPLOYMENT_TARGET = 17.5;
				MARKETING_VERSION = 1.0;
				PRODUCT_BUNDLE_IDENTIFIER = "com.linda.Anime-StoryboardTests";
				PRODUCT_NAME = "$(TARGET_NAME)";
				SWIFT_EMIT_LOC_STRINGS = NO;
				SWIFT_VERSION = 5.0;
				TARGETED_DEVICE_FAMILY = "1,2";
				TEST_HOST = "$(BUILT_PRODUCTS_DIR)/Anime Storyboard.app/$(BUNDLE_EXECUTABLE_FOLDER_PATH)/Anime Storyboard";
			};
			name = Release;
		};
		7EF1B8692C55091500BBF338 /* Debug */ = {
			isa = XCBuildConfiguration;
			buildSettings = {
				ALWAYS_EMBED_SWIFT_STANDARD_LIBRARIES = YES;
				CODE_SIGN_STYLE = Automatic;
				CURRENT_PROJECT_VERSION = 1;
				DEVELOPMENT_TEAM = 9ZJXYAGQJQ;
				GENERATE_INFOPLIST_FILE = YES;
				MARKETING_VERSION = 1.0;
				PRODUCT_BUNDLE_IDENTIFIER = "com.linda.Anime-StoryboardUITests";
				PRODUCT_NAME = "$(TARGET_NAME)";
				SWIFT_EMIT_LOC_STRINGS = NO;
				SWIFT_VERSION = 5.0;
				TARGETED_DEVICE_FAMILY = "1,2";
				TEST_TARGET_NAME = "Anime Storyboard";
			};
			name = Debug;
		};
		7EF1B86A2C55091500BBF338 /* Release */ = {
			isa = XCBuildConfiguration;
			buildSettings = {
				ALWAYS_EMBED_SWIFT_STANDARD_LIBRARIES = YES;
				CODE_SIGN_STYLE = Automatic;
				CURRENT_PROJECT_VERSION = 1;
				DEVELOPMENT_TEAM = 9ZJXYAGQJQ;
				GENERATE_INFOPLIST_FILE = YES;
				MARKETING_VERSION = 1.0;
				PRODUCT_BUNDLE_IDENTIFIER = "com.linda.Anime-StoryboardUITests";
				PRODUCT_NAME = "$(TARGET_NAME)";
				SWIFT_EMIT_LOC_STRINGS = NO;
				SWIFT_VERSION = 5.0;
				TARGETED_DEVICE_FAMILY = "1,2";
				TEST_TARGET_NAME = "Anime Storyboard";
			};
			name = Release;
		};
/* End XCBuildConfiguration section */

/* Begin XCConfigurationList section */
		7EF1B8332C55091400BBF338 /* Build configuration list for PBXProject "Anime Storyboard" */ = {
			isa = XCConfigurationList;
			buildConfigurations = (
				7EF1B8602C55091500BBF338 /* Debug */,
				7EF1B8612C55091500BBF338 /* Release */,
			);
			defaultConfigurationIsVisible = 0;
			defaultConfigurationName = Release;
		};
		7EF1B8622C55091500BBF338 /* Build configuration list for PBXNativeTarget "Anime Storyboard" */ = {
			isa = XCConfigurationList;
			buildConfigurations = (
				7EF1B8632C55091500BBF338 /* Debug */,
				7EF1B8642C55091500BBF338 /* Release */,
			);
			defaultConfigurationIsVisible = 0;
			defaultConfigurationName = Release;
		};
		7EF1B8652C55091500BBF338 /* Build configuration list for PBXNativeTarget "Anime StoryboardTests" */ = {
			isa = XCConfigurationList;
			buildConfigurations = (
				7EF1B8662C55091500BBF338 /* Debug */,
				7EF1B8672C55091500BBF338 /* Release */,
			);
			defaultConfigurationIsVisible = 0;
			defaultConfigurationName = Release;
		};
		7EF1B8682C55091500BBF338 /* Build configuration list for PBXNativeTarget "Anime StoryboardUITests" */ = {
			isa = XCConfigurationList;
			buildConfigurations = (
				7EF1B8692C55091500BBF338 /* Debug */,
				7EF1B86A2C55091500BBF338 /* Release */,
			);
			defaultConfigurationIsVisible = 0;
			defaultConfigurationName = Release;
		};
/* End XCConfigurationList section */
	};
	rootObject = 7EF1B8302C55091400BBF338 /* Project object */;
}
